version = 1
revision = 3
requires-python = "==3.11.*"

[[package]]
name = "asgiref"
version = "3.11.0"
source = { registry = "https://pypi.org/simple" }
sdist = { url = "https://files.pythonhosted.org/packages/76/b9/4db2509eabd14b4a8c71d1b24c8d5734c52b8560a7b1e1a8b56c8d25568b/asgiref-3.11.0.tar.gz", hash = "sha256:13acff32519542a1736223fb79a715acdebe24286d98e8b164a73085f40da2c4", size = 37969, upload-time = "2025-11-19T15:32:20.106Z" }
wheels = [
    { url = "https://files.pythonhosted.org/packages/91/be/317c2c55b8bbec407257d45f5c8d1b6867abc76d12043f2d3d58c538a4ea/asgiref-3.11.0-py3-none-any.whl", hash = "sha256:1db9021efadb0d9512ce8ffaf72fcef601c7b73a8807a1bb2ef143dc6b14846d", size = 24096, upload-time = "2025-11-19T15:32:19.004Z" },
]

[[package]]
name = "boolean-py"
version = "5.0"
source = { registry = "https://pypi.org/simple" }
sdist = { url = "https://files.pythonhosted.org/packages/c4/cf/85379f13b76f3a69bca86b60237978af17d6aa0bc5998978c3b8cf05abb2/boolean_py-5.0.tar.gz", hash = "sha256:60cbc4bad079753721d32649545505362c754e121570ada4658b852a3a318d95", size = 37047, upload-time = "2025-04-03T10:39:49.734Z" }
wheels = [
    { url = "https://files.pythonhosted.org/packages/e5/ca/78d423b324b8d77900030fa59c4aa9054261ef0925631cd2501dd015b7b7/boolean_py-5.0-py3-none-any.whl", hash = "sha256:ef28a70bd43115208441b53a045d1549e2f0ec6e3d08a9d142cbc41c1938e8d9", size = 26577, upload-time = "2025-04-03T10:39:48.449Z" },
]

[[package]]
name = "cachecontrol"
version = "0.14.4"
source = { registry = "https://pypi.org/simple" }
dependencies = [
    { name = "msgpack" },
    { name = "requests" },
]
sdist = { url = "https://files.pythonhosted.org/packages/2d/f6/c972b32d80760fb79d6b9eeb0b3010a46b89c0b23cf6329417ff7886cd22/cachecontrol-0.14.4.tar.gz", hash = "sha256:e6220afafa4c22a47dd0badb319f84475d79108100d04e26e8542ef7d3ab05a1", size = 16150, upload-time = "2025-11-14T04:32:13.138Z" }
wheels = [
    { url = "https://files.pythonhosted.org/packages/ef/79/c45f2d53efe6ada1110cf6f9fca095e4ff47a0454444aefdde6ac4789179/cachecontrol-0.14.4-py3-none-any.whl", hash = "sha256:b7ac014ff72ee199b5f8af1de29d60239954f223e948196fa3d84adaffc71d2b", size = 22247, upload-time = "2025-11-14T04:32:11.733Z" },
]

[package.optional-dependencies]
filecache = [
    { name = "filelock" },
]

[[package]]
name = "certifi"
version = "2026.7.22"
source = { registry = "https://pypi.org/simple" }
sdist = { url = "https://files.pythonhosted.org/packages/a3/c2/24167ea9858356b47a87a50d39908bfdb72ceeefe0041586e704e5376b3a/certifi-2026.7.22.tar.gz", hash = "sha256:741e2c3b351ddf169a738da9f2c048608ff7f2c5cc02f1ebc6b118bb090d5d55", size = 138112, upload-time = "2026-07-22T03:35:12.644Z" }
wheels = [
    { url = "https://files.pythonhosted.org/packages/0b/a7/71ac2cff56fec219ed242bb11b8efb69fcc4bec75db06fb7bfe35de520e6/certifi-2026.7.22-py3-none-any.whl", hash = "sha256:62f22742b58a1a33014a2b6b706588a8d7e2a88ae7bd1a6ebe8c992928483775", size = 136983, upload-time = "2026-07-22T03:35:11.276Z" },
]

[[package]]
name = "charset-normalizer"
version = "3.4.9"
source = { registry = "https://pypi.org/simple" }
sdist = { url = "https://files.pythonhosted.org/packages/bd/2a/23f34ec9d04624958e137efdc394888716353190e75f25dd22c7a2c7a8aa/charset_normalizer-3.4.9.tar.gz", hash = "sha256:673611bbd43f0810bec0b0f028ddeaaa501190339cac411f347ac76917c3ae7b", size = 152439, upload-time = "2026-07-07T14:34:58.454Z" }
wheels = [
    { url = "https://files.pythonhosted.org/packages/0b/e3/85ec501f206fb049259288c1f3506e53876937fb00edb47009348e66756b/charset_normalizer-3.4.9-cp311-cp311-macosx_10_9_universal2.whl", hash = "sha256:0e94703ec9684807f20cfb5eed95c70f67f2a8f21ad620146d7b5a13677b93e5", size = 317075, upload-time = "2026-07-07T14:32:56.021Z" },
    { url = "https://files.pythonhosted.org/packages/c3/69/2a5385192e67175f7d8bd5ce4f57c24bc956439adeae5c13a99aa28a53d1/charset_normalizer-3.4.9-cp311-cp311-manylinux2014_aarch64.manylinux_2_17_aarch64.manylinux_2_28_aarch64.whl", hash = "sha256:2a441ea71902098ffe78c5abe6c494f44160b4af614ed16c3d9a3b1d17fd8ee2", size = 213837, upload-time = "2026-07-07T14:32:57.78Z" },
    { url = "https://files.pythonhosted.org/packages/b3/46/03ddc7da576d814fe0a36dd1f0fd3258e95404b4b2e3c026b7923d7e133f/charset_normalizer-3.4.9-cp311-cp311-manylinux2014_ppc64le.manylinux_2_17_ppc64le.manylinux_2_28_ppc64le.whl", hash = "sha256:304b13570067b2547562e308af560b3963857b1fa90bd6afd978130130fe2d6a", size = 235503, upload-time = "2026-07-07T14:32:59.205Z" },
    { url = "https://files.pythonhosted.org/packages/4e/6e/de0229a7ef40f6f9d28a837eebf4ec47bdca5dab4e900c84f22919af636a/charset_normalizer-3.4.9-cp311-cp311-manylinux2014_s390x.manylinux_2_17_s390x.manylinux_2_28_s390x.whl", hash = "sha256:4773092f8019072343a7447203308b176e10199920eb02d6195e81bbb3274c29", size = 229944, upload-time = "2026-07-07T14:33:00.803Z" },
    { url = "https://files.pythonhosted.org/packages/a5/34/49b9060e8418b14fb5cba9cf6bfb383111e2538a03a1fb18e66a95aeb3d5/charset_normalizer-3.4.9-cp311-cp311-manylinux2014_x86_64.manylinux_2_17_x86_64.manylinux_2_28_x86_64.whl", hash = "sha256:04ce310cb89c15df659582aee80a0603788732a5e017d5bd5c81158106ce249c", size = 221276, upload-time = "2026-07-07T14:33:02.199Z" },
    { url = "https://files.pythonhosted.org/packages/44/95/80282cce0fae9c3061203d723ee87da996aed79679e65d8935050ee7ca1f/charset_normalizer-3.4.9-cp311-cp311-manylinux_2_31_armv7l.whl", hash = "sha256:c0323c9daef75ef2e5083624b4585018a0c9d5e3b40f607eed81a311270b934b", size = 205260, upload-time = "2026-07-07T14:33:03.698Z" },
    { url = "https://files.pythonhosted.org/packages/0c/74/2f62c8821b969ea3bd67cc2e6976834f48ca5d12664d2559ebcd9bcfbed7/charset_normalizer-3.4.9-cp311-cp311-manylinux_2_31_riscv64.manylinux_2_39_riscv64.whl", hash = "sha256:871ff67ea1aad4dfd91736464934d56b32dac49f9fbe16cddba36198a7b3a0db", size = 217786, upload-time = "2026-07-07T14:33:05.12Z" },
    { url = "https://files.pythonhosted.org/packages/d9/8d/feabb82cb49fcad14515b1d7d1ca4787b0da7fc723a212bf89bc9e0fac52/charset_normalizer-3.4.9-cp311-cp311-musllinux_1_2_aarch64.whl", hash = "sha256:67830fc78e67501f47bb950471b2dcb9b35b140084429318e862895a8e89c993", size = 216798, upload-time = "2026-07-07T14:33:06.629Z" },
    { url = "https://files.pythonhosted.org/packages/a5/ff/c946d63bc3786d5b84d960b0f7ab7e25b828486a946b5aa997625bcaf6a6/charset_normalizer-3.4.9-cp311-cp311-musllinux_1_2_armv7l.whl", hash = "sha256:3d92613ec25e43b05f042302531ec0f00b8445190e43325880cbd6ab7c2581da", size = 206429, upload-time = "2026-07-07T14:33:08.006Z" },
    { url = "https://files.pythonhosted.org/packages/af/ba/5e5007c370702f85d2ef75791fac7943ed41e080364a673b20142e430e3e/charset_normalizer-3.4.9-cp311-cp311-musllinux_1_2_x86_64.whl", hash = "sha256:280081916dc341820640489a66e4696049401ef1cf6dd672f672e70ad915aca3", size = 223066, upload-time = "2026-07-07T14:33:09.783Z" },
    { url = "https://files.pythonhosted.org/packages/83/d5/9096aa3cf532dfad237861544eb47a0f20d5adbf1039760fed8eaae935d9/charset_normalizer-3.4.9-cp311-cp311-win32.whl", hash = "sha256:ac351b3b8014eead140e77e9717e2992c6bbe30b63bc3422422eb84865412e3d", size = 150456, upload-time = "2026-07-07T14:33:11.217Z" },
    { url = "https://files.pythonhosted.org/packages/ed/a1/e29995109e455dc8eff8d0fac6ae509be39561318a7cfeac5d33ad029213/charset_normalizer-3.4.9-cp311-cp311-win_amd64.whl", hash = "sha256:6366a16e1a25018694d6a5d784d09b046edc9eac40ea2b54065c3052672516a1", size = 161410, upload-time = "2026-07-07T14:33:12.743Z" },
    { url = "https://files.pythonhosted.org/packages/4f/8d/1569f4d0032d6ba2a4fe4591c35bf87868c600c41a71eb5c2e1ffa8464c2/charset_normalizer-3.4.9-cp311-cp311-win_arm64.whl", hash = "sha256:1d22856ffbe153a602df38e4a5464f0b748a54002e0d69ac6d2ad0a197cc99ec", size = 152649, upload-time = "2026-07-07T14:33:14.173Z" },
    { url = "https://files.pythonhosted.org/packages/98/2b/f97f1c193fb855c345d678f5077d6926034db0722df74c8f057020e05a25/charset_normalizer-3.4.9-py3-none-any.whl", hash = "sha256:68e5f26a1ad57ded6d1cfb85331d1c1a195314756471d97758c48498bb4dcdf5", size = 64538, upload-time = "2026-07-07T14:34:56.993Z" },
]

[[package]]
name = "cyclonedx-python-lib"
version = "11.11.0"
source = { registry = "https://pypi.org/simple" }
dependencies = [
    { name = "license-expression" },
    { name = "packageurl-python" },
    { name = "py-serializable" },
    { name = "sortedcontainers" },
    { name = "typing-extensions" },
]
sdist = { url = "https://files.pythonhosted.org/packages/75/c9/5d0ccdd19bc7d8ab803b90695c1706aa2ea8529685d18e682dc2524d2630/cyclonedx_python_lib-11.11.0.tar.gz", hash = "sha256:4b3194db72b613717f2912447e67ab618c75ff7dcac6c4af3c0e9e1ac617c102", size = 1442983, upload-time = "2026-06-17T11:57:49.055Z" }
wheels = [
    { url = "https://files.pythonhosted.org/packages/22/f3/56ccb2884aaa3db5622368e5191a3384b15f35392aa93df8b2f508c660d2/cyclonedx_python_lib-11.11.0-py3-none-any.whl", hash = "sha256:3049fc83e06a059b5c5907a527625a8ed5073caab10607ed4c9e5503b590fd44", size = 528689, upload-time = "2026-06-17T11:57:47.358Z" },
]

[[package]]
name = "defusedxml"
version = "0.7.1"
source = { registry = "https://pypi.org/simple" }
sdist = { url = "https://files.pythonhosted.org/packages/0f/d5/c66da9b79e5bdb124974bfe172b4daf3c984ebd9c2a06e2b8a4dc7331c72/defusedxml-0.7.1.tar.gz", hash = "sha256:1bb3032db185915b62d7c6209c5a8792be6a32ab2fedacc84e01b52c51aa3e69", size = 75520, upload-time = "2021-03-08T10:59:26.269Z" }
wheels = [
    { url = "https://files.pythonhosted.org/packages/07/6c/aa3f2f849e01cb6a001cd8554a88d4c77c5c1a31c95bdf1cf9301e6d9ef4/defusedxml-0.7.1-py2.py3-none-any.whl", hash = "sha256:a352e7e428770286cc899e2542b6cdaedb2b4953ff269a210103ec58f6198a61", size = 25604, upload-time = "2021-03-08T10:59:24.45Z" },
]

[[package]]
name = "django"
version = "4.2.22"
source = { registry = "https://pypi.org/simple" }
dependencies = [
    { name = "asgiref" },
    { name = "sqlparse" },
    { name = "tzdata", marker = "sys_platform == 'win32'" },
]
sdist = { url = "https://files.pythonhosted.org/packages/56/9e/37b909fa1c5e46ddb42ec37ec600a575d25dc47a6de86a1fce782a4a44ad/django-4.2.22.tar.gz", hash = "sha256:e726764b094407c313adba5e2e866ab88f00436cad85c540a5bf76dc0a912c9e", size = 10427236, upload-time = "2025-06-04T13:53:41.332Z" }
wheels = [
    { url = "https://files.pythonhosted.org/packages/dc/17/6afcbac3575992b22fda1ae7fffcdff15ff24d1aff69b3d36876bc0a47eb/django-4.2.22-py3-none-any.whl", hash = "sha256:0a32773b5b7f4e774a155ee253ab24a841fed7e9e9061db08bf2ce9711da404d", size = 7993908, upload-time = "2025-06-04T13:53:33.923Z" },
]

[[package]]
name = "filelock"
version = "3.32.2"
source = { registry = "https://pypi.org/simple" }
sdist = { url = "https://files.pythonhosted.org/packages/f6/57/3ba6e6cb097f85b855b00163d169f35365f44277df044dcf96d55b8f62a3/filelock-3.32.2.tar.gz", hash = "sha256:c33351e1f49cae33414acbc6d56784e6ecee82514ec90795da1161fc4836b5b8", size = 217172, upload-time = "2026-07-29T22:46:04.895Z" }
wheels = [
    { url = "https://files.pythonhosted.org/packages/c1/e8/72f8cef9fdfeffe06213fe8508039396ee48daa0e3259457ed766173bfd6/filelock-3.32.2-py3-none-any.whl", hash = "sha256:87dd94cf281e586d135fa51132b8e3d9a598b316e90377a288663c9321036c82", size = 98830, upload-time = "2026-07-29T22:46:03.52Z" },
]

[[package]]
name = "idna"
version = "3.18"
source = { registry = "https://pypi.org/simple" }
sdist = { url = "https://files.pythonhosted.org/packages/cd/63/9496c57188a2ee585e0f1db071d75089a11e98aa86eb99d9d7618fc1edce/idna-3.18.tar.gz", hash = "sha256:ffb385a7e039654cef1ab9ef32c6fafe283c0c0467bba1d9029738ce4a14a848", size = 196711, upload-time = "2026-06-02T14:34:07.794Z" }
wheels = [
    { url = "https://files.pythonhosted.org/packages/1e/5e/d4e9f1a599fb8e573b7b87160658329fbf28d19eac2718f51fc3def3aa5a/idna-3.18-py3-none-any.whl", hash = "sha256:7f952cbe720b688055e3f87de14f5c3e5fdaa8bc3928985c4077ca689de849a2", size = 65455, upload-time = "2026-06-02T14:34:06.319Z" },
]

[[package]]
name = "joblib"
version = "1.5.3"
source = { registry = "https://pypi.org/simple" }
sdist = { url = "https://files.pythonhosted.org/packages/41/f2/d34e8b3a08a9cc79a50b2208a93dce981fe615b64d5a4d4abee421d898df/joblib-1.5.3.tar.gz", hash = "sha256:8561a3269e6801106863fd0d6d84bb737be9e7631e33aaed3fb9ce5953688da3", size = 331603, upload-time = "2025-12-15T08:41:46.427Z" }
wheels = [
    { url = "https://files.pythonhosted.org/packages/7b/91/984aca2ec129e2757d1e4e3c81c3fcda9d0f85b74670a094cc443d9ee949/joblib-1.5.3-py3-none-any.whl", hash = "sha256:5fc3c5039fc5ca8c0276333a188bbd59d6b7ab37fe6632daa76bc7f9ec18e713", size = 309071, upload-time = "2025-12-15T08:41:44.973Z" },
]

[[package]]
name = "lesson-02-dependency-upgrade"
version = "0.1.0"
source = { virtual = "." }
dependencies = [
    { name = "django" },
    { name = "scikit-learn" },
]

[package.dev-dependencies]
dev = [
    { name = "pip-audit" },
]

[package.metadata]
requires-dist = [
    { name = "django", specifier = "==4.2.22" },
    { name = "scikit-learn", specifier = "==1.5.0" },
]

[package.metadata.requires-dev]
dev = [{ name = "pip-audit", specifier = "==2.10.0" }]

[[package]]
name = "license-expression"
version = "30.4.4"
source = { registry = "https://pypi.org/simple" }
dependencies = [
    { name = "boolean-py" },
]
sdist = { url = "https://files.pythonhosted.org/packages/40/71/d89bb0e71b1415453980fd32315f2a037aad9f7f70f695c7cec7035feb13/license_expression-30.4.4.tar.gz", hash = "sha256:73448f0aacd8d0808895bdc4b2c8e01a8d67646e4188f887375398c761f340fd", size = 186402, upload-time = "2025-07-22T11:13:32.17Z" }
wheels = [
    { url = "https://files.pythonhosted.org/packages/af/40/791891d4c0c4dab4c5e187c17261cedc26285fd41541577f900470a45a4d/license_expression-30.4.4-py3-none-any.whl", hash = "sha256:421788fdcadb41f049d2dc934ce666626265aeccefddd25e162a26f23bcbf8a4", size = 120615, upload-time = "2025-07-22T11:13:31.217Z" },
]

[[package]]
name = "markdown-it-py"
version = "4.2.0"
source = { registry = "https://pypi.org/simple" }
dependencies = [
    { name = "mdurl" },
]
sdist = { url = "https://files.pythonhosted.org/packages/06/ff/7841249c247aa650a76b9ee4bbaeae59370dc8bfd2f6c01f3630c35eb134/markdown_it_py-4.2.0.tar.gz", hash = "sha256:04a21681d6fbb623de53f6f364d352309d4094dd4194040a10fd51833e418d49", size = 82454, upload-time = "2026-05-07T12:08:28.36Z" }
wheels = [
    { url = "https://files.pythonhosted.org/packages/b3/81/4da04ced5a082363ecfa159c010d200ecbd959ae410c10c0264a38cac0f5/markdown_it_py-4.2.0-py3-none-any.whl", hash = "sha256:9f7ebbcd14fe59494226453aed97c1070d83f8d24b6fc3a3bcf9a38092641c4a", size = 91687, upload-time = "2026-05-07T12:08:27.182Z" },
]

[[package]]
name = "mdurl"
version = "0.1.2"
source = { registry = "https://pypi.org/simple" }
sdist = { url = "https://files.pythonhosted.org/packages/d6/54/cfe61301667036ec958cb99bd3efefba235e65cdeb9c84d24a8293ba1d90/mdurl-0.1.2.tar.gz", hash = "sha256:bb413d29f5eea38f31dd4754dd7377d4465116fb207585f97bf925588687c1ba", size = 8729, upload-time = "2022-08-14T12:40:10.846Z" }
wheels = [
    { url = "https://files.pythonhosted.org/packages/b3/38/89ba8ad64ae25be8de66a6d463314cf1eb366222074cfda9ee839c56a4b4/mdurl-0.1.2-py3-none-any.whl", hash = "sha256:84008a41e51615a49fc9966191ff91509e3c40b939176e643fd50a5c2196b8f8", size = 9979, upload-time = "2022-08-14T12:40:09.779Z" },
]

[[package]]
name = "msgpack"
version = "1.2.1"
source = { registry = "https://pypi.org/simple" }
sdist = { url = "https://files.pythonhosted.org/packages/31/f9/c0a1c127f9049db9155afc316952ea571720dd01833ff5e4d7e8e6352dbb/msgpack-1.2.1.tar.gz", hash = "sha256:04c721c2c7448767e9e3f2520a475663d8ee0f09c31890f6d2bd70fd636a9647", size = 183960, upload-time = "2026-06-18T16:13:52.594Z" }
wheels = [
    { url = "https://files.pythonhosted.org/packages/f4/6b/e9b1cdc042c4458801d2545ed782a95f3d6ba8e270cce8745b8603c7f748/msgpack-1.2.1-cp311-cp311-macosx_10_9_x86_64.whl", hash = "sha256:29a3f6e9667868429d8240dfd063ea5ffdc1321c13d783aa23827a38de0dcb22", size = 82812, upload-time = "2026-06-18T16:12:45.022Z" },
    { url = "https://files.pythonhosted.org/packages/0c/3a/dd518a1bf78ed1e9ad8afe57307c079a00eafe4b3068932a27ca1ea56b4f/msgpack-1.2.1-cp311-cp311-macosx_11_0_arm64.whl", hash = "sha256:aded5bdf32609dc7987a49bbbd15a8ef096193f96dd8bbeb791de729e650acf5", size = 82739, upload-time = "2026-06-18T16:12:46.025Z" },
    { url = "https://files.pythonhosted.org/packages/70/e0/7ba9e1542bf0771a27b8b37c1316e3f95ae9d748fd765284655c476ad4ef/msgpack-1.2.1-cp311-cp311-manylinux2014_aarch64.manylinux_2_17_aarch64.manylinux_2_28_aarch64.whl", hash = "sha256:146ee4e9ce80b365c6d4c47073da9da7bcec473e58194ceee5dd7620ace77e06", size = 414233, upload-time = "2026-06-18T16:12:47.029Z" },
    { url = "https://files.pythonhosted.org/packages/03/8d/671d81534ea0e2b0e8a121be100020da09eb78861fe3aa8f3ef7dcd3bed1/msgpack-1.2.1-cp311-cp311-manylinux2014_x86_64.manylinux_2_17_x86_64.manylinux_2_28_x86_64.whl", hash = "sha256:a28d076ca7c82b9c8728ad90b7147489449557038bed50e4241eb832395169b4", size = 423843, upload-time = "2026-06-18T16:12:48.19Z" },
    { url = "https://files.pythonhosted.org/packages/d2/b6/e5c737515ed1f166664b87601b532f58cbb73d8aa6a90b99f7c2c5037e8e/msgpack-1.2.1-cp311-cp311-manylinux_2_31_riscv64.manylinux_2_39_riscv64.whl", hash = "sha256:7d31c0ac0c640f877804c67cb2bc9f4e23dc2db97e96c2e67fa27d38283b41f8", size = 390772, upload-time = "2026-06-18T16:12:49.624Z" },
    { url = "https://files.pythonhosted.org/packages/a8/46/62ed8c2e87d7021eab19921594d961ef3aa3794eec76c716dc30f3bfd433/msgpack-1.2.1-cp311-cp311-musllinux_1_2_aarch64.whl", hash = "sha256:8ff92d7feeaf5bc26c51495b69e2f99ed97ab79346fb6555f44be7dd2ac6503b", size = 409559, upload-time = "2026-06-18T16:12:50.936Z" },
    { url = "https://files.pythonhosted.org/packages/70/ff/59aa3887b860bbf43532835e192b1c388a17590d6068ae4f8b2bc74c906e/msgpack-1.2.1-cp311-cp311-musllinux_1_2_riscv64.whl", hash = "sha256:779197a6513bab3c3632265e3d0f7cb3227e62510841a6f34f1eaa37efbb345e", size = 387838, upload-time = "2026-06-18T16:12:52.161Z" },
    { url = "https://files.pythonhosted.org/packages/09/11/f8563e471093420cf6478cb3271a0175d8402b82d879783d4035d2d03360/msgpack-1.2.1-cp311-cp311-musllinux_1_2_x86_64.whl", hash = "sha256:67f6dd22fa72a93752643f07889796d62739a13415ee630169a8ce764f86cf9f", size = 421732, upload-time = "2026-06-18T16:12:53.556Z" },
    { url = "https://files.pythonhosted.org/packages/57/cf/e673683c4c6c90c1022b24c65af4b03eda72b182a1176ef6449069d66acc/msgpack-1.2.1-cp311-cp311-win32.whl", hash = "sha256:91054a783328e0ea7954b8771095705c8d2243b814743fbaadf14552c9c52c5d", size = 64091, upload-time = "2026-06-18T16:12:54.821Z" },
    { url = "https://files.pythonhosted.org/packages/3f/07/ca212739d179f9083bff2c7c08c24101c3555a334fadc2b876b18768a3ae/msgpack-1.2.1-cp311-cp311-win_amd64.whl", hash = "sha256:2eda0b7ebb1283a98d3e4492ac933c8af6aff59fd3df1c3ed024f536af4b1dc8", size = 70462, upload-time = "2026-06-18T16:12:55.898Z" },
    { url = "https://files.pythonhosted.org/packages/6d/be/6798347b425e26f35db82e69dd83c09716c856a3714e7bffc4c0860fd830/msgpack-1.2.1-cp311-cp311-win_arm64.whl", hash = "sha256:6ee967f7c7e1df2890c671ff2ee51a28ded0efc95da3e507176dee881ce36c66", size = 65059, upload-time = "2026-06-18T16:12:57.053Z" },
]

[[package]]
name = "numpy"
version = "2.4.1"
source = { registry = "https://pypi.org/simple" }
sdist = { url = "https://files.pythonhosted.org/packages/24/62/ae72ff66c0f1fd959925b4c11f8c2dea61f47f6acaea75a08512cdfe3fed/numpy-2.4.1.tar.gz", hash = "sha256:a1ceafc5042451a858231588a104093474c6a5c57dcc724841f5c888d237d690", size = 20721320, upload-time = "2026-01-10T06:44:59.619Z" }
wheels = [
    { url = "https://files.pythonhosted.org/packages/a5/34/2b1bc18424f3ad9af577f6ce23600319968a70575bd7db31ce66731bbef9/numpy-2.4.1-cp311-cp311-macosx_10_9_x86_64.whl", hash = "sha256:0cce2a669e3c8ba02ee563c7835f92c153cf02edff1ae05e1823f1dde21b16a5", size = 16944563, upload-time = "2026-01-10T06:42:14.615Z" },
    { url = "https://files.pythonhosted.org/packages/2c/57/26e5f97d075aef3794045a6ca9eada6a4ed70eb9a40e7a4a93f9ac80d704/numpy-2.4.1-cp311-cp311-macosx_11_0_arm64.whl", hash = "sha256:899d2c18024984814ac7e83f8f49d8e8180e2fbe1b2e252f2e7f1d06bea92425", size = 12645658, upload-time = "2026-01-10T06:42:17.298Z" },
    { url = "https://files.pythonhosted.org/packages/8e/ba/80fc0b1e3cb2fd5c6143f00f42eb67762aa043eaa05ca924ecc3222a7849/numpy-2.4.1-cp311-cp311-macosx_14_0_arm64.whl", hash = "sha256:09aa8a87e45b55a1c2c205d42e2808849ece5c484b2aab11fecabec3841cafba", size = 5474132, upload-time = "2026-01-10T06:42:19.637Z" },
    { url = "https://files.pythonhosted.org/packages/40/ae/0a5b9a397f0e865ec171187c78d9b57e5588afc439a04ba9cab1ebb2c945/numpy-2.4.1-cp311-cp311-macosx_14_0_x86_64.whl", hash = "sha256:edee228f76ee2dab4579fad6f51f6a305de09d444280109e0f75df247ff21501", size = 6804159, upload-time = "2026-01-10T06:42:21.44Z" },
    { url = "https://files.pythonhosted.org/packages/86/9c/841c15e691c7085caa6fd162f063eff494099c8327aeccd509d1ab1e36ab/numpy-2.4.1-cp311-cp311-manylinux_2_27_aarch64.manylinux_2_28_aarch64.whl", hash = "sha256:a92f227dbcdc9e4c3e193add1a189a9909947d4f8504c576f4a732fd0b54240a", size = 14708058, upload-time = "2026-01-10T06:42:23.546Z" },
    { url = "https://files.pythonhosted.org/packages/5d/9d/7862db06743f489e6a502a3b93136d73aea27d97b2cf91504f70a27501d6/numpy-2.4.1-cp311-cp311-manylinux_2_27_x86_64.manylinux_2_28_x86_64.whl", hash = "sha256:538bf4ec353709c765ff75ae616c34d3c3dca1a68312727e8f2676ea644f8509", size = 16651501, upload-time = "2026-01-10T06:42:25.909Z" },
    { url = "https://files.pythonhosted.org/packages/a6/9c/6fc34ebcbd4015c6e5f0c0ce38264010ce8a546cb6beacb457b84a75dfc8/numpy-2.4.1-cp311-cp311-musllinux_1_2_aarch64.whl", hash = "sha256:ac08c63cb7779b85e9d5318e6c3518b424bc1f364ac4cb2c6136f12e5ff2dccc", size = 16492627, upload-time = "2026-01-10T06:42:28.938Z" },
    { url = "https://files.pythonhosted.org/packages/aa/63/2494a8597502dacda439f61b3c0db4da59928150e62be0e99395c3ad23c5/numpy-2.4.1-cp311-cp311-musllinux_1_2_x86_64.whl", hash = "sha256:4f9c360ecef085e5841c539a9a12b883dff005fbd7ce46722f5e9cef52634d82", size = 18585052, upload-time = "2026-01-10T06:42:31.312Z" },
    { url = "https://files.pythonhosted.org/packages/6a/93/098e1162ae7522fc9b618d6272b77404c4656c72432ecee3abc029aa3de0/numpy-2.4.1-cp311-cp311-win32.whl", hash = "sha256:0f118ce6b972080ba0758c6087c3617b5ba243d806268623dc34216d69099ba0", size = 6236575, upload-time = "2026-01-10T06:42:33.872Z" },
    { url = "https://files.pythonhosted.org/packages/8c/de/f5e79650d23d9e12f38a7bc6b03ea0835b9575494f8ec94c11c6e773b1b1/numpy-2.4.1-cp311-cp311-win_amd64.whl", hash = "sha256:18e14c4d09d55eef39a6ab5b08406e84bc6869c1e34eef45564804f90b7e0574", size = 12604479, upload-time = "2026-01-10T06:42:35.778Z" },
    { url = "https://files.pythonhosted.org/packages/dd/65/e1097a7047cff12ce3369bd003811516b20ba1078dbdec135e1cd7c16c56/numpy-2.4.1-cp311-cp311-win_arm64.whl", hash = "sha256:6461de5113088b399d655d45c3897fa188766415d0f568f175ab071c8873bd73", size = 10578325, upload-time = "2026-01-10T06:42:38.518Z" },
    { url = "https://files.pythonhosted.org/packages/1e/48/d86f97919e79314a1cdee4c832178763e6e98e623e123d0bada19e92c15a/numpy-2.4.1-pp311-pypy311_pp73-macosx_10_15_x86_64.whl", hash = "sha256:8ad35f20be147a204e28b6a0575fbf3540c5e5f802634d4258d55b1ff5facce1", size = 16822202, upload-time = "2026-01-10T06:44:43.738Z" },
    { url = "https://files.pythonhosted.org/packages/51/e9/1e62a7f77e0f37dcfb0ad6a9744e65df00242b6ea37dfafb55debcbf5b55/numpy-2.4.1-pp311-pypy311_pp73-macosx_11_0_arm64.whl", hash = "sha256:8097529164c0f3e32bb89412a0905d9100bf434d9692d9fc275e18dcf53c9344", size = 12569985, upload-time = "2026-01-10T06:44:45.945Z" },
    { url = "https://files.pythonhosted.org/packages/c7/7e/914d54f0c801342306fdcdce3e994a56476f1b818c46c47fc21ae968088c/numpy-2.4.1-pp311-pypy311_pp73-macosx_14_0_arm64.whl", hash = "sha256:ea66d2b41ca4a1630aae5507ee0a71647d3124d1741980138aa8f28f44dac36e", size = 5398484, upload-time = "2026-01-10T06:44:48.012Z" },
    { url = "https://files.pythonhosted.org/packages/1c/d8/9570b68584e293a33474e7b5a77ca404f1dcc655e40050a600dee81d27fb/numpy-2.4.1-pp311-pypy311_pp73-macosx_14_0_x86_64.whl", hash = "sha256:d3f8f0df9f4b8be57b3bf74a1d087fec68f927a2fab68231fdb442bf2c12e426", size = 6713216, upload-time = "2026-01-10T06:44:49.725Z" },
    { url = "https://files.pythonhosted.org/packages/33/9b/9dd6e2db8d49eb24f86acaaa5258e5f4c8ed38209a4ee9de2d1a0ca25045/numpy-2.4.1-pp311-pypy311_pp73-manylinux_2_27_aarch64.manylinux_2_28_aarch64.whl", hash = "sha256:2023ef86243690c2791fd6353e5b4848eedaa88ca8a2d129f462049f6d484696", size = 14538937, upload-time = "2026-01-10T06:44:51.498Z" },
    { url = "https://files.pythonhosted.org/packages/53/87/d5bd995b0f798a37105b876350d346eea5838bd8f77ea3d7a48392f3812b/numpy-2.4.1-pp311-pypy311_pp73-manylinux_2_27_x86_64.manylinux_2_28_x86_64.whl", hash = "sha256:8361ea4220d763e54cff2fbe7d8c93526b744f7cd9ddab47afeff7e14e8503be", size = 16479830, upload-time = "2026-01-10T06:44:53.931Z" },
    { url = "https://files.pythonhosted.org/packages/5b/c7/b801bf98514b6ae6475e941ac05c58e6411dd863ea92916bfd6d510b08c1/numpy-2.4.1-pp311-pypy311_pp73-win_amd64.whl", hash = "sha256:4f1b68ff47680c2925f8063402a693ede215f0257f02596b1318ecdfb1d79e33", size = 12492579, upload-time = "2026-01-10T06:44:57.094Z" },
]

[[package]]
name = "packageurl-python"
version = "0.17.6"
source = { registry = "https://pypi.org/simple" }
sdist = { url = "https://files.pythonhosted.org/packages/f5/d6/3b5a4e3cfaef7a53869a26ceb034d1ff5e5c27c814ce77260a96d50ab7bb/packageurl_python-0.17.6.tar.gz", hash = "sha256:1252ce3a102372ca6f86eb968e16f9014c4ba511c5c37d95a7f023e2ca6e5c25", size = 50618, upload-time = "2025-11-24T15:20:17.998Z" }
wheels = [
    { url = "https://files.pythonhosted.org/packages/b1/2f/c7277b7615a93f51b5fbc1eacfc1b75e8103370e786fd8ce2abf6e5c04ab/packageurl_python-0.17.6-py3-none-any.whl", hash = "sha256:31a85c2717bc41dd818f3c62908685ff9eebcb68588213745b14a6ee9e7df7c9", size = 36776, upload-time = "2025-11-24T15:20:16.962Z" },
]

[[package]]
name = "packaging"
version = "26.2"
source = { registry = "https://pypi.org/simple" }
sdist = { url = "https://files.pythonhosted.org/packages/d7/f1/e7a6dd94a8d4a5626c03e4e99c87f241ba9e350cd9e6d75123f992427270/packaging-26.2.tar.gz", hash = "sha256:ff452ff5a3e828ce110190feff1178bb1f2ea2281fa2075aadb987c2fb221661", size = 228134, upload-time = "2026-04-24T20:15:23.917Z" }
wheels = [
    { url = "https://files.pythonhosted.org/packages/df/b2/87e62e8c3e2f4b32e5fe99e0b86d576da1312593b39f47d8ceef365e95ed/packaging-26.2-py3-none-any.whl", hash = "sha256:5fc45236b9446107ff2415ce77c807cee2862cb6fac22b8a73826d0693b0980e", size = 100195, upload-time = "2026-04-24T20:15:22.081Z" },
]

[[package]]
name = "pip"
version = "26.2"
source = { registry = "https://pypi.org/simple" }
sdist = { url = "https://files.pythonhosted.org/packages/db/96/e6f8e9d9d7b9cc4457092712a7e919c3186aa2c2fa9ffed2c5d29cc947e8/pip-26.2.tar.gz", hash = "sha256:2d8542afcc84cdd8e846c2b36b2861fad1da376dd98f8e7113e9108a3c331690", size = 1848845, upload-time = "2026-07-29T21:57:56.407Z" }
wheels = [
    { url = "https://files.pythonhosted.org/packages/62/36/a3aed958d60531cb442b7ab4596cda7b3621cfb916f8ae1d6769795c7dc1/pip-26.2-py3-none-any.whl", hash = "sha256:931c303696af6fa3417112103b1cad26890e5a07eccb5b99783700e33f2b8aad", size = 1816475, upload-time = "2026-07-29T21:57:54.763Z" },
]

[[package]]
name = "pip-api"
version = "0.0.34"
source = { registry = "https://pypi.org/simple" }
dependencies = [
    { name = "pip" },
]
sdist = { url = "https://files.pythonhosted.org/packages/b9/f1/ee85f8c7e82bccf90a3c7aad22863cc6e20057860a1361083cd2adacb92e/pip_api-0.0.34.tar.gz", hash = "sha256:9b75e958f14c5a2614bae415f2adf7eeb54d50a2cfbe7e24fd4826471bac3625", size = 123017, upload-time = "2024-07-09T20:32:30.641Z" }
wheels = [
    { url = "https://files.pythonhosted.org/packages/91/f7/ebf5003e1065fd00b4cbef53bf0a65c3d3e1b599b676d5383ccb7a8b88ba/pip_api-0.0.34-py3-none-any.whl", hash = "sha256:8b2d7d7c37f2447373aa2cf8b1f60a2f2b27a84e1e9e0294a3f6ef10eb3ba6bb", size = 120369, upload-time = "2024-07-09T20:32:29.099Z" },
]

[[package]]
name = "pip-audit"
version = "2.10.0"
source = { registry = "https://pypi.org/simple" }
dependencies = [
    { name = "cachecontrol", extra = ["filecache"] },
    { name = "cyclonedx-python-lib" },
    { name = "packaging" },
    { name = "pip-api" },
    { name = "pip-requirements-parser" },
    { name = "platformdirs" },
    { name = "requests" },
    { name = "rich" },
    { name = "tomli" },
    { name = "tomli-w" },
]
sdist = { url = "https://files.pythonhosted.org/packages/bd/89/0e999b413facab81c33d118f3ac3739fd02c0622ccf7c4e82e37cebd8447/pip_audit-2.10.0.tar.gz", hash = "sha256:427ea5bf61d1d06b98b1ae29b7feacc00288a2eced52c9c58ceed5253ef6c2a4", size = 53776, upload-time = "2025-12-01T23:42:40.612Z" }
wheels = [
    { url = "https://files.pythonhosted.org/packages/be/f3/4888f895c02afa085630a3a3329d1b18b998874642ad4c530e9a4d7851fe/pip_audit-2.10.0-py3-none-any.whl", hash = "sha256:16e02093872fac97580303f0848fa3ad64f7ecf600736ea7835a2b24de49613f", size = 61518, upload-time = "2025-12-01T23:42:39.193Z" },
]

[[package]]
name = "pip-requirements-parser"
version = "32.0.1"
source = { registry = "https://pypi.org/simple" }
dependencies = [
    { name = "packaging" },
    { name = "pyparsing" },
]
sdist = { url = "https://files.pythonhosted.org/packages/5e/2a/63b574101850e7f7b306ddbdb02cb294380d37948140eecd468fae392b54/pip-requirements-parser-32.0.1.tar.gz", hash = "sha256:b4fa3a7a0be38243123cf9d1f3518da10c51bdb165a2b2985566247f9155a7d3", size = 209359, upload-time = "2022-12-21T15:25:22.732Z" }
wheels = [
    { url = "https://files.pythonhosted.org/packages/54/d0/d04f1d1e064ac901439699ee097f58688caadea42498ec9c4b4ad2ef84ab/pip_requirements_parser-32.0.1-py3-none-any.whl", hash = "sha256:4659bc2a667783e7a15d190f6fccf8b2486685b6dba4c19c3876314769c57526", size = 35648, upload-time = "2022-12-21T15:25:21.046Z" },
]

[[package]]
name = "platformdirs"
version = "4.11.0"
source = { registry = "https://pypi.org/simple" }
sdist = { url = "https://files.pythonhosted.org/packages/78/9b/560e4be8e26f6fd133a03630a8df0c663b9e8d61b4ade152b72005aec83b/platformdirs-4.11.0.tar.gz", hash = "sha256:0555d18370482847566ffabcaa53ad7c6c1c29f195989ae1ed634a05f76ea1e0", size = 31953, upload-time = "2026-07-21T13:09:36.565Z" }
wheels = [
    { url = "https://files.pythonhosted.org/packages/7d/68/d8d58938dfb1370b266a1a729e6d77a985be23689a0496498ee17b2cbf90/platformdirs-4.11.0-py3-none-any.whl", hash = "sha256:360ccded2b7fce0af0ff80cc8f5942a1c5d99b0e856033acb030bfc634709e74", size = 23247, upload-time = "2026-07-21T13:09:35.422Z" },
]

[[package]]
name = "py-serializable"
version = "2.1.0"
source = { registry = "https://pypi.org/simple" }
dependencies = [
    { name = "defusedxml" },
]
sdist = { url = "https://files.pythonhosted.org/packages/73/21/d250cfca8ff30c2e5a7447bc13861541126ce9bd4426cd5d0c9f08b5547d/py_serializable-2.1.0.tar.gz", hash = "sha256:9d5db56154a867a9b897c0163b33a793c804c80cee984116d02d49e4578fc103", size = 52368, upload-time = "2025-07-21T09:56:48.07Z" }
wheels = [
    { url = "https://files.pythonhosted.org/packages/9b/bf/7595e817906a29453ba4d99394e781b6fabe55d21f3c15d240f85dd06bb1/py_serializable-2.1.0-py3-none-any.whl", hash = "sha256:b56d5d686b5a03ba4f4db5e769dc32336e142fc3bd4d68a8c25579ebb0a67304", size = 23045, upload-time = "2025-07-21T09:56:46.848Z" },
]

[[package]]
name = "pygments"
version = "2.20.0"
source = { registry = "https://pypi.org/simple" }
sdist = { url = "https://files.pythonhosted.org/packages/c3/b2/bc9c9196916376152d655522fdcebac55e66de6603a76a02bca1b6414f6c/pygments-2.20.0.tar.gz", hash = "sha256:6757cd03768053ff99f3039c1a36d6c0aa0b263438fcab17520b30a303a82b5f", size = 4955991, upload-time = "2026-03-29T13:29:33.898Z" }
wheels = [
    { url = "https://files.pythonhosted.org/packages/f4/7e/a72dd26f3b0f4f2bf1dd8923c85f7ceb43172af56d63c7383eb62b332364/pygments-2.20.0-py3-none-any.whl", hash = "sha256:81a9e26dd42fd28a23a2d169d86d7ac03b46e2f8b59ed4698fb4785f946d0176", size = 1231151, upload-time = "2026-03-29T13:29:30.038Z" },
]

[[package]]
name = "pyparsing"
version = "3.3.2"
source = { registry = "https://pypi.org/simple" }
sdist = { url = "https://files.pythonhosted.org/packages/f3/91/9c6ee907786a473bf81c5f53cf703ba0957b23ab84c264080fb5a450416f/pyparsing-3.3.2.tar.gz", hash = "sha256:c777f4d763f140633dcb6d8a3eda953bf7a214dc4eff598413c070bcdc117cbc", size = 6851574, upload-time = "2026-01-21T03:57:59.36Z" }
wheels = [
    { url = "https://files.pythonhosted.org/packages/10/bd/c038d7cc38edc1aa5bf91ab8068b63d4308c66c4c8bb3cbba7dfbc049f9c/pyparsing-3.3.2-py3-none-any.whl", hash = "sha256:850ba148bd908d7e2411587e247a1e4f0327839c40e2e5e6d05a007ecc69911d", size = 122781, upload-time = "2026-01-21T03:57:55.912Z" },
]

[[package]]
name = "requests"
version = "2.34.2"
source = { registry = "https://pypi.org/simple" }
dependencies = [
    { name = "certifi" },
    { name = "charset-normalizer" },
    { name = "idna" },
    { name = "urllib3" },
]
sdist = { url = "https://files.pythonhosted.org/packages/ac/c3/e2a2b89f2d3e2179abd6d00ebd70bff6273f37fb3e0cc209f48b39d00cbf/requests-2.34.2.tar.gz", hash = "sha256:f288924cae4e29463698d6d60bc6a4da69c89185ad1e0bcc4104f584e960b9ed", size = 142856, upload-time = "2026-05-14T19:25:27.735Z" }
wheels = [
    { url = "https://files.pythonhosted.org/packages/a0/f4/c67b0b3f1b9245e8d266f0f112c500d50e5b4e83cb6f3b71b6528104182a/requests-2.34.2-py3-none-any.whl", hash = "sha256:2a0d60c172f83ac6ab31e4554906c0f3b3588d37b5cb939b1c061f4907e278e0", size = 73075, upload-time = "2026-05-14T19:25:26.443Z" },
]

[[package]]
name = "rich"
version = "15.0.0"
source = { registry = "https://pypi.org/simple" }
dependencies = [
    { name = "markdown-it-py" },
    { name = "pygments" },
]
sdist = { url = "https://files.pythonhosted.org/packages/c0/8f/0722ca900cc807c13a6a0c696dacf35430f72e0ec571c4275d2371fca3e9/rich-15.0.0.tar.gz", hash = "sha256:edd07a4824c6b40189fb7ac9bc4c52536e9780fbbfbddf6f1e2502c31b068c36", size = 230680, upload-time = "2026-04-12T08:24:00.75Z" }
wheels = [
    { url = "https://files.pythonhosted.org/packages/82/3b/64d4899d73f91ba49a8c18a8ff3f0ea8f1c1d75481760df8c68ef5235bf5/rich-15.0.0-py3-none-any.whl", hash = "sha256:33bd4ef74232fb73fe9279a257718407f169c09b78a87ad3d296f548e27de0bb", size = 310654, upload-time = "2026-04-12T08:24:02.83Z" },
]

[[package]]
name = "scikit-learn"
version = "1.5.0"
source = { registry = "https://pypi.org/simple" }
dependencies = [
    { name = "joblib" },
    { name = "numpy" },
    { name = "scipy" },
    { name = "threadpoolctl" },
]
sdist = { url = "https://files.pythonhosted.org/packages/bf/8a/06e499bca463905000f50e461c9445e949aafdd33ea3b62024aa2238b83d/scikit_learn-1.5.0.tar.gz", hash = "sha256:789e3db01c750ed6d496fa2db7d50637857b451e57bcae863bff707c1247bef7", size = 7820839, upload-time = "2024-05-21T16:34:07.711Z" }
wheels = [
    { url = "https://files.pythonhosted.org/packages/50/d4/70a9393ab88862c070a263a464042ab4e572a1353b4c3c308bc72a5b68cf/scikit_learn-1.5.0-cp311-cp311-macosx_10_9_x86_64.whl", hash = "sha256:2a65af2d8a6cce4e163a7951a4cfbfa7fceb2d5c013a4b593686c7f16445cf9d", size = 12081437, upload-time = "2024-05-21T16:33:20.16Z" },
    { url = "https://files.pythonhosted.org/packages/6c/97/dfc635bd435655c1216756b543e0427579df144914a055a188d3c0ffd52f/scikit_learn-1.5.0-cp311-cp311-macosx_12_0_arm64.whl", hash = "sha256:4c0c56c3005f2ec1db3787aeaabefa96256580678cec783986836fc64f8ff622", size = 10973963, upload-time = "2024-05-21T16:33:22.801Z" },
    { url = "https://files.pythonhosted.org/packages/61/f5/18dc69d22ec950225237d42b61d3338affc46e5ea63c27c6915f3678f5f2/scikit_learn-1.5.0-cp311-cp311-manylinux_2_17_aarch64.manylinux2014_aarch64.whl", hash = "sha256:1f77547165c00625551e5c250cefa3f03f2fc92c5e18668abd90bfc4be2e0bff", size = 12480861, upload-time = "2024-05-21T16:33:26.131Z" },
    { url = "https://files.pythonhosted.org/packages/46/c0/63d3a8da39a2ee051df229111aa93f6dca2b56f8080abd34993938166455/scikit_learn-1.5.0-cp311-cp311-manylinux_2_17_x86_64.manylinux2014_x86_64.whl", hash = "sha256:118a8d229a41158c9f90093e46b3737120a165181a1b58c03461447aa4657415", size = 13328661, upload-time = "2024-05-21T16:33:29.627Z" },
    { url = "https://files.pythonhosted.org/packages/ae/20/6d1a0a61d468b37a142fd90bb93c73bc1c2205db4a69ac630ed218c31612/scikit_learn-1.5.0-cp311-cp311-win_amd64.whl", hash = "sha256:a03b09f9f7f09ffe8c5efffe2e9de1196c696d811be6798ad5eddf323c6f4d40", size = 10972963, upload-time = "2024-05-21T16:33:32.98Z" },
]

[[package]]
name = "scipy"
version = "1.17.0"
source = { registry = "https://pypi.org/simple" }
dependencies = [
    { name = "numpy" },
]
sdist = { url = "https://files.pythonhosted.org/packages/56/3e/9cca699f3486ce6bc12ff46dc2031f1ec8eb9ccc9a320fdaf925f1417426/scipy-1.17.0.tar.gz", hash = "sha256:2591060c8e648d8b96439e111ac41fd8342fdeff1876be2e19dea3fe8930454e", size = 30396830, upload-time = "2026-01-10T21:34:23.009Z" }
wheels = [
    { url = "https://files.pythonhosted.org/packages/1e/4b/c89c131aa87cad2b77a54eb0fb94d633a842420fa7e919dc2f922037c3d8/scipy-1.17.0-cp311-cp311-macosx_10_14_x86_64.whl", hash = "sha256:2abd71643797bd8a106dff97894ff7869eeeb0af0f7a5ce02e4227c6a2e9d6fd", size = 31381316, upload-time = "2026-01-10T21:24:33.42Z" },
    { url = "https://files.pythonhosted.org/packages/5e/5f/a6b38f79a07d74989224d5f11b55267714707582908a5f1ae854cf9a9b84/scipy-1.17.0-cp311-cp311-macosx_12_0_arm64.whl", hash = "sha256:ef28d815f4d2686503e5f4f00edc387ae58dfd7a2f42e348bb53359538f01558", size = 27966760, upload-time = "2026-01-10T21:24:38.911Z" },
    { url = "https://files.pythonhosted.org/packages/c1/20/095ad24e031ee8ed3c5975954d816b8e7e2abd731e04f8be573de8740885/scipy-1.17.0-cp311-cp311-macosx_14_0_arm64.whl", hash = "sha256:272a9f16d6bb4667e8b50d25d71eddcc2158a214df1b566319298de0939d2ab7", size = 20138701, upload-time = "2026-01-10T21:24:43.249Z" },
    { url = "https://files.pythonhosted.org/packages/89/11/4aad2b3858d0337756f3323f8960755704e530b27eb2a94386c970c32cbe/scipy-1.17.0-cp311-cp311-macosx_14_0_x86_64.whl", hash = "sha256:7204fddcbec2fe6598f1c5fdf027e9f259106d05202a959a9f1aecf036adc9f6", size = 22480574, upload-time = "2026-01-10T21:24:47.266Z" },
    { url = "https://files.pythonhosted.org/packages/85/bd/f5af70c28c6da2227e510875cadf64879855193a687fb19951f0f44cfd6b/scipy-1.17.0-cp311-cp311-manylinux_2_27_aarch64.manylinux_2_28_aarch64.whl", hash = "sha256:fc02c37a5639ee67d8fb646ffded6d793c06c5622d36b35cfa8fe5ececb8f042", size = 32862414, upload-time = "2026-01-10T21:24:52.566Z" },
    { url = "https://files.pythonhosted.org/packages/ef/df/df1457c4df3826e908879fe3d76bc5b6e60aae45f4ee42539512438cfd5d/scipy-1.17.0-cp311-cp311-manylinux_2_27_x86_64.manylinux_2_28_x86_64.whl", hash = "sha256:dac97a27520d66c12a34fd90a4fe65f43766c18c0d6e1c0a80f114d2260080e4", size = 35112380, upload-time = "2026-01-10T21:24:58.433Z" },
    { url = "https://files.pythonhosted.org/packages/5f/bb/88e2c16bd1dd4de19d80d7c5e238387182993c2fb13b4b8111e3927ad422/scipy-1.17.0-cp311-cp311-musllinux_1_2_aarch64.whl", hash = "sha256:ebb7446a39b3ae0fe8f416a9a3fdc6fba3f11c634f680f16a239c5187bc487c0", size = 34922676, upload-time = "2026-01-10T21:25:04.287Z" },
    { url = "https://files.pythonhosted.org/packages/02/ba/5120242cc735f71fc002cff0303d536af4405eb265f7c60742851e7ccfe9/scipy-1.17.0-cp311-cp311-musllinux_1_2_x86_64.whl", hash = "sha256:474da16199f6af66601a01546144922ce402cb17362e07d82f5a6cf8f963e449", size = 37507599, upload-time = "2026-01-10T21:25:09.851Z" },
    { url = "https://files.pythonhosted.org/packages/52/c8/08629657ac6c0da198487ce8cd3de78e02cfde42b7f34117d56a3fe249dc/scipy-1.17.0-cp311-cp311-win_amd64.whl", hash = "sha256:255c0da161bd7b32a6c898e7891509e8a9289f0b1c6c7d96142ee0d2b114c2ea", size = 36380284, upload-time = "2026-01-10T21:25:15.632Z" },
    { url = "https://files.pythonhosted.org/packages/6c/4a/465f96d42c6f33ad324a40049dfd63269891db9324aa66c4a1c108c6f994/scipy-1.17.0-cp311-cp311-win_arm64.whl", hash = "sha256:85b0ac3ad17fa3be50abd7e69d583d98792d7edc08367e01445a1e2076005379", size = 24370427, upload-time = "2026-01-10T21:25:20.514Z" },
]

[[package]]
name = "sortedcontainers"
version = "2.4.0"
source = { registry = "https://pypi.org/simple" }
sdist = { url = "https://files.pythonhosted.org/packages/e8/c4/ba2f8066cceb6f23394729afe52f3bf7adec04bf9ed2c820b39e19299111/sortedcontainers-2.4.0.tar.gz", hash = "sha256:25caa5a06cc30b6b83d11423433f65d1f9d76c4c6a0c90e3379eaa43b9bfdb88", size = 30594, upload-time = "2021-05-16T22:03:42.897Z" }
wheels = [
    { url = "https://files.pythonhosted.org/packages/32/46/9cb0e58b2deb7f82b84065f37f3bffeb12413f947f9388e4cac22c4621ce/sortedcontainers-2.4.0-py2.py3-none-any.whl", hash = "sha256:a163dcaede0f1c021485e957a39245190e74249897e2ae4b2aa38595db237ee0", size = 29575, upload-time = "2021-05-16T22:03:41.177Z" },
]

[[package]]
name = "sqlparse"
version = "0.5.5"
source = { registry = "https://pypi.org/simple" }
sdist = { url = "https://files.pythonhosted.org/packages/90/76/437d71068094df0726366574cf3432a4ed754217b436eb7429415cf2d480/sqlparse-0.5.5.tar.gz", hash = "sha256:e20d4a9b0b8585fdf63b10d30066c7c94c5d7a7ec47c889a2d83a3caa93ff28e", size = 120815, upload-time = "2025-12-19T07:17:45.073Z" }
wheels = [
    { url = "https://files.pythonhosted.org/packages/49/4b/359f28a903c13438ef59ebeee215fb25da53066db67b305c125f1c6d2a25/sqlparse-0.5.5-py3-none-any.whl", hash = "sha256:12a08b3bf3eec877c519589833aed092e2444e68240a3577e8e26148acc7b1ba", size = 46138, upload-time = "2025-12-19T07:17:46.573Z" },
]

[[package]]
name = "threadpoolctl"
version = "3.6.0"
source = { registry = "https://pypi.org/simple" }
sdist = { url = "https://files.pythonhosted.org/packages/b7/4d/08c89e34946fce2aec4fbb45c9016efd5f4d7f24af8e5d93296e935631d8/threadpoolctl-3.6.0.tar.gz", hash = "sha256:8ab8b4aa3491d812b623328249fab5302a68d2d71745c8a4c719a2fcaba9f44e", size = 21274, upload-time = "2025-03-13T13:49:23.031Z" }
wheels = [
    { url = "https://files.pythonhosted.org/packages/32/d5/f9a850d79b0851d1d4ef6456097579a9005b31fea68726a4ae5f2d82ddd9/threadpoolctl-3.6.0-py3-none-any.whl", hash = "sha256:43a0b8fd5a2928500110039e43a5eed8480b918967083ea48dc3ab9f13c4a7fb", size = 18638, upload-time = "2025-03-13T13:49:21.846Z" },
]

[[package]]
name = "tomli"
version = "2.4.1"
source = { registry = "https://pypi.org/simple" }
sdist = { url = "https://files.pythonhosted.org/packages/22/de/48c59722572767841493b26183a0d1cc411d54fd759c5607c4590b6563a6/tomli-2.4.1.tar.gz", hash = "sha256:7c7e1a961a0b2f2472c1ac5b69affa0ae1132c39adcb67aba98568702b9cc23f", size = 17543, upload-time = "2026-03-25T20:22:03.828Z" }
wheels = [
    { url = "https://files.pythonhosted.org/packages/f4/11/db3d5885d8528263d8adc260bb2d28ebf1270b96e98f0e0268d32b8d9900/tomli-2.4.1-cp311-cp311-macosx_10_9_x86_64.whl", hash = "sha256:f8f0fc26ec2cc2b965b7a3b87cd19c5c6b8c5e5f436b984e85f486d652285c30", size = 154704, upload-time = "2026-03-25T20:21:10.473Z" },
    { url = "https://files.pythonhosted.org/packages/6d/f7/675db52c7e46064a9aa928885a9b20f4124ecb9bc2e1ce74c9106648d202/tomli-2.4.1-cp311-cp311-macosx_11_0_arm64.whl", hash = "sha256:4ab97e64ccda8756376892c53a72bd1f964e519c77236368527f758fbc36a53a", size = 149454, upload-time = "2026-03-25T20:21:12.036Z" },
    { url = "https://files.pythonhosted.org/packages/61/71/81c50943cf953efa35bce7646caab3cf457a7d8c030b27cfb40d7235f9ee/tomli-2.4.1-cp311-cp311-manylinux2014_aarch64.manylinux_2_17_aarch64.manylinux_2_28_aarch64.whl", hash = "sha256:96481a5786729fd470164b47cdb3e0e58062a496f455ee41b4403be77cb5a076", size = 237561, upload-time = "2026-03-25T20:21:13.098Z" },
    { url = "https://files.pythonhosted.org/packages/48/c1/f41d9cb618acccca7df82aaf682f9b49013c9397212cb9f53219e3abac37/tomli-2.4.1-cp311-cp311-manylinux2014_x86_64.manylinux_2_17_x86_64.manylinux_2_28_x86_64.whl", hash = "sha256:5a881ab208c0baf688221f8cecc5401bd291d67e38a1ac884d6736cbcd8247e9", size = 243824, upload-time = "2026-03-25T20:21:14.569Z" },
    { url = "https://files.pythonhosted.org/packages/22/e4/5a816ecdd1f8ca51fb756ef684b90f2780afc52fc67f987e3c61d800a46d/tomli-2.4.1-cp311-cp311-musllinux_1_2_aarch64.whl", hash = "sha256:47149d5bd38761ac8be13a84864bf0b7b70bc051806bc3669ab1cbc56216b23c", size = 242227, upload-time = "2026-03-25T20:21:15.712Z" },
    { url = "https://files.pythonhosted.org/packages/6b/49/2b2a0ef529aa6eec245d25f0c703e020a73955ad7edf73e7f54ddc608aa5/tomli-2.4.1-cp311-cp311-musllinux_1_2_x86_64.whl", hash = "sha256:ec9bfaf3ad2df51ace80688143a6a4ebc09a248f6ff781a9945e51937008fcbc", size = 247859, upload-time = "2026-03-25T20:21:17.001Z" },
    { url = "https://files.pythonhosted.org/packages/83/bd/6c1a630eaca337e1e78c5903104f831bda934c426f9231429396ce3c3467/tomli-2.4.1-cp311-cp311-win32.whl", hash = "sha256:ff2983983d34813c1aeb0fa89091e76c3a22889ee83ab27c5eeb45100560c049", size = 97204, upload-time = "2026-03-25T20:21:18.079Z" },
    { url = "https://files.pythonhosted.org/packages/42/59/71461df1a885647e10b6bb7802d0b8e66480c61f3f43079e0dcd315b3954/tomli-2.4.1-cp311-cp311-win_amd64.whl", hash = "sha256:5ee18d9ebdb417e384b58fe414e8d6af9f4e7a0ae761519fb50f721de398dd4e", size = 108084, upload-time = "2026-03-25T20:21:18.978Z" },
    { url = "https://files.pythonhosted.org/packages/b8/83/dceca96142499c069475b790e7913b1044c1a4337e700751f48ed723f883/tomli-2.4.1-cp311-cp311-win_arm64.whl", hash = "sha256:c2541745709bad0264b7d4705ad453b76ccd191e64aa6f0fc66b69a293a45ece", size = 95285, upload-time = "2026-03-25T20:21:20.309Z" },
    { url = "https://files.pythonhosted.org/packages/7b/61/cceae43728b7de99d9b847560c262873a1f6c98202171fd5ed62640b494b/tomli-2.4.1-py3-none-any.whl", hash = "sha256:0d85819802132122da43cb86656f8d1f8c6587d54ae7dcaf30e90533028b49fe", size = 14583, upload-time = "2026-03-25T20:22:03.012Z" },
]

[[package]]
name = "tomli-w"
version = "1.2.0"
source = { registry = "https://pypi.org/simple" }
sdist = { url = "https://files.pythonhosted.org/packages/19/75/241269d1da26b624c0d5e110e8149093c759b7a286138f4efd61a60e75fe/tomli_w-1.2.0.tar.gz", hash = "sha256:2dd14fac5a47c27be9cd4c976af5a12d87fb1f0b4512f81d69cce3b35ae25021", size = 7184, upload-time = "2025-01-15T12:07:24.262Z" }
wheels = [
    { url = "https://files.pythonhosted.org/packages/c7/18/c86eb8e0202e32dd3df50d43d7ff9854f8e0603945ff398974c1d91ac1ef/tomli_w-1.2.0-py3-none-any.whl", hash = "sha256:188306098d013b691fcadc011abd66727d3c414c571bb01b1a174ba8c983cf90", size = 6675, upload-time = "2025-01-15T12:07:22.074Z" },
]

[[package]]
name = "typing-extensions"
version = "4.16.0"
source = { registry = "https://pypi.org/simple" }
sdist = { url = "https://files.pythonhosted.org/packages/f6/cc/6253133b5bb138fc3306cebfbda2c520f545d36b5be2c7255cc528bb45d6/typing_extensions-4.16.0.tar.gz", hash = "sha256:dc983d19a509c94dba722ee6abd33940f7c05a89e243c47e907eb4db6f1a43e5", size = 113555, upload-time = "2026-07-02T08:40:05.92Z" }
wheels = [
    { url = "https://files.pythonhosted.org/packages/49/d3/b8441a820a491ddfc024b0b0cf0393375b75ea13866d9c66727e54c2fc80/typing_extensions-4.16.0-py3-none-any.whl", hash = "sha256:481caa481374e813c1b176ada14e97f1f67a4539ce9cfeb3f350d78d6370c2e8", size = 45571, upload-time = "2026-07-02T08:40:04.659Z" },
]

[[package]]
name = "tzdata"
version = "2025.3"
source = { registry = "https://pypi.org/simple" }
sdist = { url = "https://files.pythonhosted.org/packages/5e/a7/c202b344c5ca7daf398f3b8a477eeb205cf3b6f32e7ec3a6bac0629ca975/tzdata-2025.3.tar.gz", hash = "sha256:de39c2ca5dc7b0344f2eba86f49d614019d29f060fc4ebc8a417896a620b56a7", size = 196772, upload-time = "2025-12-13T17:45:35.667Z" }
wheels = [
    { url = "https://files.pythonhosted.org/packages/c7/b0/003792df09decd6849a5e39c28b513c06e84436a54440380862b5aeff25d/tzdata-2025.3-py2.py3-none-any.whl", hash = "sha256:06a47e5700f3081aab02b2e513160914ff0694bce9947d6b76ebd6bf57cfc5d1", size = 348521, upload-time = "2025-12-13T17:45:33.889Z" },
]

[[package]]
name = "urllib3"
version = "2.7.0"
source = { registry = "https://pypi.org/simple" }
sdist = { url = "https://files.pythonhosted.org/packages/53/0c/06f8b233b8fd13b9e5ee11424ef85419ba0d8ba0b3138bf360be2ff56953/urllib3-2.7.0.tar.gz", hash = "sha256:231e0ec3b63ceb14667c67be60f2f2c40a518cb38b03af60abc813da26505f4c", size = 433602, upload-time = "2026-05-07T16:13:18.596Z" }
wheels = [
    { url = "https://files.pythonhosted.org/packages/7f/3e/5db95bcf282c52709639744ca2a8b149baccf648e39c8cc87553df9eae0c/urllib3-2.7.0-py3-none-any.whl", hash = "sha256:9fb4c81ebbb1ce9531cce37674bbc6f1360472bc18ca9a553ede278ef7276897", size = 131087, upload-time = "2026-05-07T16:13:17.151Z" },
]
